{
  "name": "MooMailV2",
  "lockfileVersion": 3,
  "requires": true,
  "packages": {
    "": {
      "dependencies": {
        "pydantic": "^0.0.1-security"
      }
    },
    "node_modules/pydantic": {
      "version": "0.0.1-security",
      "resolved": "https://registry.npmjs.org/pydantic/-/pydantic-0.0.1-security.tgz",
      "integrity": "sha512-C8zhm/jGh1+r19qiElDmRyFmbGyY6JcFj9bNGoKoUbmAmMXCmN5Hmq3iBw/4MwkFETDkUpPZxGHF1lpFB+izTg=="
    }
  }
}
